Microsoft Visual Studio Solution File, Format Version 12.00
# Visual Studio Version 17
VisualStudioVersion = 17.5.2.0
MinimumVisualStudioVersion = 10.0.40219.1
Project("{FAE04EC0-301F-11D3-BF4B-00C04F79EFBC}") = "ClientDetailsApp", "ClientDetailsApp\ClientDetailsApp.csproj", "{BC8BDE7A-9727-A36D-1372-380FEAFE4CFF}"
EndProject
Global
	GlobalSection(SolutionConfigurationPlatforms) = preSolution
		Debug|Any CPU = Debug|Any CPU
		Release|Any CPU = Release|Any CPU
	EndGlobalSection
	GlobalSection(ProjectConfigurationPlatforms) = postSolution
		{BC8BDE7A-9727-A36D-1372-380FEAFE4CFF}.Debug|Any CPU.ActiveCfg = Debug|Any CPU
		{BC8BDE7A-9727-A36D-1372-380FEAFE4CFF}.Debug|Any CPU.Build.0 = Debug|Any CPU
		{BC8BDE7A-9727-A36D-1372-380FEAFE4CFF}.Release|Any CPU.ActiveCfg = Release|Any CPU
		{BC8BDE7A-9727-A36D-1372-380FEAFE4CFF}.Release|Any CPU.Build.0 = Release|Any CPU
	EndGlobalSection
	GlobalSection(SolutionProperties) = preSolution
		HideSolutionNode = FALSE
	EndGlobalSection
	GlobalSection(ExtensibilityGlobals) = postSolution
		SolutionGuid = {F7A867C1-B2C3-40F5-B849-FC0CAEEBFA5B}
	EndGlobalSection
EndGlobal
